
Microsoft Visual Studio Solution File, Format Version 12.00
# Visual Studio 15
VisualStudioVersion = 15.0.27428.2002
MinimumVisualStudioVersion = 10.0.40219.1
Project("{FAE04EC0-301F-11D3-BF4B-00C04F79EFBC}") = "Factory", "Factory\Factory.csproj", "{A2C863A7-EBBC-4434-B9D8-1523FD2335D6}"
EndProject
Project("{FAE04EC0-301F-11D3-BF4B-00C04F79EFBC}") = "AbstractFactory", "AbstractFactory\AbstractFactory.csproj", "{FA86ECDD-29D7-40C0-92C1-25A311710607}"
EndProject
Project("{FAE04EC0-301F-11D3-BF4B-00C04F79EFBC}") = "Decorator", "Decorator\Decorator.csproj", "{B249711F-6B80-45E2-905C-20B9949F1780}"
EndProject
Project("{FAE04EC0-301F-11D3-BF4B-00C04F79EFBC}") = "Iterator", "Iterator\Iterator.csproj", "{53D0BAEF-C9E0-4A06-A397-4B0FF165BB60}"
EndProject
Global
	GlobalSection(SolutionConfigurationPlatforms) = preSolution
		Debug|Any CPU = Debug|Any CPU
		Release|Any CPU = Release|Any CPU
	EndGlobalSection
	GlobalSection(ProjectConfigurationPlatforms) = postSolution
		{A2C863A7-EBBC-4434-B9D8-1523FD2335D6}.Debug|Any CPU.ActiveCfg = Debug|Any CPU
		{A2C863A7-EBBC-4434-B9D8-1523FD2335D6}.Debug|Any CPU.Build.0 = Debug|Any CPU
		{A2C863A7-EBBC-4434-B9D8-1523FD2335D6}.Release|Any CPU.ActiveCfg = Release|Any CPU
		{A2C863A7-EBBC-4434-B9D8-1523FD2335D6}.Release|Any CPU.Build.0 = Release|Any CPU
		{FA86ECDD-29D7-40C0-92C1-25A311710607}.Debug|Any CPU.ActiveCfg = Debug|Any CPU
		{FA86ECDD-29D7-40C0-92C1-25A311710607}.Debug|Any CPU.Build.0 = Debug|Any CPU
		{FA86ECDD-29D7-40C0-92C1-25A311710607}.Release|Any CPU.ActiveCfg = Release|Any CPU
		{FA86ECDD-29D7-40C0-92C1-25A311710607}.Release|Any CPU.Build.0 = Release|Any CPU
		{B249711F-6B80-45E2-905C-20B9949F1780}.Debug|Any CPU.ActiveCfg = Debug|Any CPU
		{B249711F-6B80-45E2-905C-20B9949F1780}.Debug|Any CPU.Build.0 = Debug|Any CPU
		{B249711F-6B80-45E2-905C-20B9949F1780}.Release|Any CPU.ActiveCfg = Release|Any CPU
		{B249711F-6B80-45E2-905C-20B9949F1780}.Release|Any CPU.Build.0 = Release|Any CPU
		{53D0BAEF-C9E0-4A06-A397-4B0FF165BB60}.Debug|Any CPU.ActiveCfg = Debug|Any CPU
		{53D0BAEF-C9E0-4A06-A397-4B0FF165BB60}.Debug|Any CPU.Build.0 = Debug|Any CPU
		{53D0BAEF-C9E0-4A06-A397-4B0FF165BB60}.Release|Any CPU.ActiveCfg = Release|Any CPU
		{53D0BAEF-C9E0-4A06-A397-4B0FF165BB60}.Release|Any CPU.Build.0 = Release|Any CPU
	EndGlobalSection
	GlobalSection(SolutionProperties) = preSolution
		HideSolutionNode = FALSE
	EndGlobalSection
	GlobalSection(ExtensibilityGlobals) = postSolution
		SolutionGuid = {2165D7B9-F8E7-4E43-9F23-41FC62144E0D}
	EndGlobalSection
EndGlobal
